{
  "projects": [
    {
      "projectId": "69q1kpH3bCL8Ca5ae9SqcG",
      "version": "latest",
      "dependencies": {},
      "lang": "js",
      "fileLocks": [
        {
          "type": "globalVariant",
          "assetId": "6Zb0yHT6R_3B",
          "checksum": "c7a494b1af5a70112912b2f5b8ba0b31"
        },
        {
          "assetId": "69q1kpH3bCL8Ca5ae9SqcG",
          "type": "projectCss",
          "checksum": "b6c9b08fa11b6f2dce2e9ce55dddf606"
        },
        {
          "type": "renderModule",
          "assetId": "gBP0_d3vKCEE",
          "checksum": "e3e57e0b84fb54d63bd888dc34dfd086"
        },
        {
          "type": "cssRules",
          "assetId": "gBP0_d3vKCEE",
          "checksum": "e3e57e0b84fb54d63bd888dc34dfd086"
        }
      ],
      "codegenVersion": "0.0.1"
    }
  ],
  "cliVersion": "0.1.340"
}
